
Microsoft Visual Studio Solution File, Format Version 12.00
# Visual Studio 14
VisualStudioVersion = 14.0.25420.1
MinimumVisualStudioVersion = 10.0.40219.1
Project("{2150E333-8FDC-42A3-9474-1A3956D46DE8}") = "Solution Items", "Solution Items", "{8CFE6722-BBAA-4BE6-A634-C5039D9B91C6}"
	ProjectSection(SolutionItems) = preProject
		..\.gitattributes = ..\.gitattributes
		..\.gitignore = ..\.gitignore
		..\README.md = ..\README.md
	EndProjectSection
EndProject
Project("{FAE04EC0-301F-11D3-BF4B-00C04F79EFBC}") = "ZendeskApi_v2", "ZenDeskApi_v2\ZendeskApi_v2.csproj", "{D17BCC22-9561-4FC4-9C52-975808641ECE}"
EndProject
Project("{FAE04EC0-301F-11D3-BF4B-00C04F79EFBC}") = "Tests", "Tests\Tests.csproj", "{A80DB5E8-5D98-4256-9513-34E13A82D5EE}"
	ProjectSection(ProjectDependencies) = postProject
		{E7EABB17-E3EE-4509-B1FE-8AB87BA3C76E} = {E7EABB17-E3EE-4509-B1FE-8AB87BA3C76E}
		{C1D27B49-4B9D-467D-98E7-3695F35EA400} = {C1D27B49-4B9D-467D-98E7-3695F35EA400}
	EndProjectSection
EndProject
Project("{FAE04EC0-301F-11D3-BF4B-00C04F79EFBC}") = "ZendeskApi_v2_Mobile", "ZendeskApi_v2_Mobile\ZendeskApi_v2_Mobile.csproj", "{E7EABB17-E3EE-4509-B1FE-8AB87BA3C76E}"
	ProjectSection(ProjectDependencies) = postProject
		{D17BCC22-9561-4FC4-9C52-975808641ECE} = {D17BCC22-9561-4FC4-9C52-975808641ECE}
	EndProjectSection
EndProject
Project("{FAE04EC0-301F-11D3-BF4B-00C04F79EFBC}") = "ZendeskApi_v2_Net35", "ZendeskApi_v2_Net35\ZendeskApi_v2_Net35.csproj", "{C1D27B49-4B9D-467D-98E7-3695F35EA400}"
	ProjectSection(ProjectDependencies) = postProject
		{D17BCC22-9561-4FC4-9C52-975808641ECE} = {D17BCC22-9561-4FC4-9C52-975808641ECE}
	EndProjectSection
EndProject
Project("{FAE04EC0-301F-11D3-BF4B-00C04F79EFBC}") = "ZendeskApi_v2_Package", "ZendeskApi_v2_Package\ZendeskApi_v2_Package.csproj", "{0451BAEF-DF2E-4B98-8644-94EE9415E389}"
	ProjectSection(ProjectDependencies) = postProject
		{E7EABB17-E3EE-4509-B1FE-8AB87BA3C76E} = {E7EABB17-E3EE-4509-B1FE-8AB87BA3C76E}
		{D17BCC22-9561-4FC4-9C52-975808641ECE} = {D17BCC22-9561-4FC4-9C52-975808641ECE}
		{C1D27B49-4B9D-467D-98E7-3695F35EA400} = {C1D27B49-4B9D-467D-98E7-3695F35EA400}
	EndProjectSection
EndProject
Project("{FAE04EC0-301F-11D3-BF4B-00C04F79EFBC}") = "ZendeskApi_v2.Example", "ZendeskApi_v2.Example\ZendeskApi_v2.Example.csproj", "{0A9FE800-92F6-4979-8F0C-6129ECF94952}"
EndProject
Global
	GlobalSection(SolutionConfigurationPlatforms) = preSolution
		Debug|Any CPU = Debug|Any CPU
		Release|Any CPU = Release|Any CPU
	EndGlobalSection
	GlobalSection(ProjectConfigurationPlatforms) = postSolution
		{D17BCC22-9561-4FC4-9C52-975808641ECE}.Debug|Any CPU.ActiveCfg = Debug|Any CPU
		{D17BCC22-9561-4FC4-9C52-975808641ECE}.Debug|Any CPU.Build.0 = Debug|Any CPU
		{D17BCC22-9561-4FC4-9C52-975808641ECE}.Release|Any CPU.ActiveCfg = Release|Any CPU
		{D17BCC22-9561-4FC4-9C52-975808641ECE}.Release|Any CPU.Build.0 = Release|Any CPU
		{A80DB5E8-5D98-4256-9513-34E13A82D5EE}.Debug|Any CPU.ActiveCfg = Debug|Any CPU
		{A80DB5E8-5D98-4256-9513-34E13A82D5EE}.Debug|Any CPU.Build.0 = Debug|Any CPU
		{A80DB5E8-5D98-4256-9513-34E13A82D5EE}.Release|Any CPU.ActiveCfg = Release|Any CPU
		{A80DB5E8-5D98-4256-9513-34E13A82D5EE}.Release|Any CPU.Build.0 = Release|Any CPU
		{E7EABB17-E3EE-4509-B1FE-8AB87BA3C76E}.Debug|Any CPU.ActiveCfg = Debug|Any CPU
		{E7EABB17-E3EE-4509-B1FE-8AB87BA3C76E}.Debug|Any CPU.Build.0 = Debug|Any CPU
		{E7EABB17-E3EE-4509-B1FE-8AB87BA3C76E}.Release|Any CPU.ActiveCfg = Release|Any CPU
		{E7EABB17-E3EE-4509-B1FE-8AB87BA3C76E}.Release|Any CPU.Build.0 = Release|Any CPU
		{C1D27B49-4B9D-467D-98E7-3695F35EA400}.Debug|Any CPU.ActiveCfg = Debug|Any CPU
		{C1D27B49-4B9D-467D-98E7-3695F35EA400}.Debug|Any CPU.Build.0 = Debug|Any CPU
		{C1D27B49-4B9D-467D-98E7-3695F35EA400}.Release|Any CPU.ActiveCfg = Release|Any CPU
		{C1D27B49-4B9D-467D-98E7-3695F35EA400}.Release|Any CPU.Build.0 = Release|Any CPU
		{0451BAEF-DF2E-4B98-8644-94EE9415E389}.Debug|Any CPU.ActiveCfg = Debug|Any CPU
		{0451BAEF-DF2E-4B98-8644-94EE9415E389}.Debug|Any CPU.Build.0 = Debug|Any CPU
		{0451BAEF-DF2E-4B98-8644-94EE9415E389}.Release|Any CPU.ActiveCfg = Release|Any CPU
		{0451BAEF-DF2E-4B98-8644-94EE9415E389}.Release|Any CPU.Build.0 = Release|Any CPU
		{0A9FE800-92F6-4979-8F0C-6129ECF94952}.Debug|Any CPU.ActiveCfg = Debug|Any CPU
		{0A9FE800-92F6-4979-8F0C-6129ECF94952}.Debug|Any CPU.Build.0 = Debug|Any CPU
		{0A9FE800-92F6-4979-8F0C-6129ECF94952}.Release|Any CPU.ActiveCfg = Release|Any CPU
		{0A9FE800-92F6-4979-8F0C-6129ECF94952}.Release|Any CPU.Build.0 = Release|Any CPU
	EndGlobalSection
	GlobalSection(SolutionProperties) = preSolution
		HideSolutionNode = FALSE
	EndGlobalSection
EndGlobal
